
Microsoft Visual Studio Solution File, Format Version 12.00
# Visual Studio Version 16
VisualStudioVersion = 16.0.35229.62
MinimumVisualStudioVersion = 10.0.40219.1
Project("{FAE04EC0-301F-11D3-BF4B-00C04F79EFBC}") = "EXAMENDPRO1", "EXAMENDPRO1.csproj", "{4BCA24C8-3B7C-45DC-A2FF-825F4F12EF1A}"
EndProject
Global
	GlobalSection(SolutionConfigurationPlatforms) = preSolution
		Debug|Any CPU = Debug|Any CPU
		Release|Any CPU = Release|Any CPU
	EndGlobalSection
	GlobalSection(ProjectConfigurationPlatforms) = postSolution
		{4BCA24C8-3B7C-45DC-A2FF-825F4F12EF1A}.Debug|Any CPU.ActiveCfg = Debug|Any CPU
		{4BCA24C8-3B7C-45DC-A2FF-825F4F12EF1A}.Debug|Any CPU.Build.0 = Debug|Any CPU
		{4BCA24C8-3B7C-45DC-A2FF-825F4F12EF1A}.Release|Any CPU.ActiveCfg = Release|Any CPU
		{4BCA24C8-3B7C-45DC-A2FF-825F4F12EF1A}.Release|Any CPU.Build.0 = Release|Any CPU
	EndGlobalSection
	GlobalSection(SolutionProperties) = preSolution
		HideSolutionNode = FALSE
	EndGlobalSection
	GlobalSection(ExtensibilityGlobals) = postSolution
		SolutionGuid = {9B55C52D-0A8A-4253-89AC-C2F38099C23E}
	EndGlobalSection
EndGlobal
